Microsoft Visual Studio Solution File, Format Version 12.00
# Visual Studio Version 17
VisualStudioVersion = 17.5.2.0
MinimumVisualStudioVersion = 10.0.40219.1
Project("{FAE04EC0-301F-11D3-BF4B-00C04F79EFBC}") = "DuckGame", "DuckGame.csproj", "{7C119476-085B-F1DF-E16C-81CEF54F9E23}"
EndProject
Global
	GlobalSection(SolutionConfigurationPlatforms) = preSolution
		Debug|Any CPU = Debug|Any CPU
		Release|Any CPU = Release|Any CPU
	EndGlobalSection
	GlobalSection(ProjectConfigurationPlatforms) = postSolution
		{7C119476-085B-F1DF-E16C-81CEF54F9E23}.Debug|Any CPU.ActiveCfg = Debug|Any CPU
		{7C119476-085B-F1DF-E16C-81CEF54F9E23}.Debug|Any CPU.Build.0 = Debug|Any CPU
		{7C119476-085B-F1DF-E16C-81CEF54F9E23}.Release|Any CPU.ActiveCfg = Release|Any CPU
		{7C119476-085B-F1DF-E16C-81CEF54F9E23}.Release|Any CPU.Build.0 = Release|Any CPU
	EndGlobalSection
	GlobalSection(SolutionProperties) = preSolution
		HideSolutionNode = FALSE
	EndGlobalSection
	GlobalSection(ExtensibilityGlobals) = postSolution
		SolutionGuid = {8CB21CF0-E0BE-4D13-91CB-FF2C263F5D69}
	EndGlobalSection
EndGlobal
